# This file is generated by running "yarn install" inside your project.
# Manual changes might be lost - proceed with caution!

__metadata:
  version: 8
  cacheKey: 10c0

"@biomejs/biome@npm:1.9.4":
  version: 1.9.4
  resolution: "@biomejs/biome@npm:1.9.4"
  dependencies:
    "@biomejs/cli-darwin-arm64": "npm:1.9.4"
    "@biomejs/cli-darwin-x64": "npm:1.9.4"
    "@biomejs/cli-linux-arm64": "npm:1.9.4"
    "@biomejs/cli-linux-arm64-musl": "npm:1.9.4"
    "@biomejs/cli-linux-x64": "npm:1.9.4"
    "@biomejs/cli-linux-x64-musl": "npm:1.9.4"
    "@biomejs/cli-win32-arm64": "npm:1.9.4"
    "@biomejs/cli-win32-x64": "npm:1.9.4"
  dependenciesMeta:
    "@biomejs/cli-darwin-arm64":
      optional: true
    "@biomejs/cli-darwin-x64":
      optional: true
    "@biomejs/cli-linux-arm64":
      optional: true
    "@biomejs/cli-linux-arm64-musl":
      optional: true
    "@biomejs/cli-linux-x64":
      optional: true
    "@biomejs/cli-linux-x64-musl":
      optional: true
    "@biomejs/cli-win32-arm64":
      optional: true
    "@biomejs/cli-win32-x64":
      optional: true
  bin:
    biome: bin/biome
  checksum: 10c0/b5655c5aed9a6fffe24f7d04f15ba4444389d0e891c9ed9106fab7388ac9b4be63185852cc2a937b22940dac3e550b71032a4afd306925cfea436c33e5646b3e
  languageName: node
  linkType: hard

"@biomejs/cli-darwin-arm64@npm:1.9.4":
  version: 1.9.4
  resolution: "@biomejs/cli-darwin-arm64@npm:1.9.4"
  conditions: os=darwin & cpu=arm64
  languageName: node
  linkType: hard

"@biomejs/cli-darwin-x64@npm:1.9.4":
  version: 1.9.4
  resolution: "@biomejs/cli-darwin-x64@npm:1.9.4"
  conditions: os=darwin & cpu=x64
  languageName: node
  linkType: hard

"@biomejs/cli-linux-arm64-musl@npm:1.9.4":
  version: 1.9.4
  resolution: "@biomejs/cli-linux-arm64-musl@npm:1.9.4"
  conditions: os=linux & cpu=arm64 & libc=musl
  languageName: node
  linkType: hard

"@biomejs/cli-linux-arm64@npm:1.9.4":
  version: 1.9.4
  resolution: "@biomejs/cli-linux-arm64@npm:1.9.4"
  conditions: os=linux & cpu=arm64 & libc=glibc
  languageName: node
  linkType: hard

"@biomejs/cli-linux-x64-musl@npm:1.9.4":
  version: 1.9.4
  resolution: "@biomejs/cli-linux-x64-musl@npm:1.9.4"
  conditions: os=linux & cpu=x64 & libc=musl
  languageName: node
  linkType: hard

"@biomejs/cli-linux-x64@npm:1.9.4":
  version: 1.9.4
  resolution: "@biomejs/cli-linux-x64@npm:1.9.4"
  conditions: os=linux & cpu=x64 & libc=glibc
  languageName: node
  linkType: hard

"@biomejs/cli-win32-arm64@npm:1.9.4":
  version: 1.9.4
  resolution: "@biomejs/cli-win32-arm64@npm:1.9.4"
  conditions: os=win32 & cpu=arm64
  languageName: node
  linkType: hard

"@biomejs/cli-win32-x64@npm:1.9.4":
  version: 1.9.4
  resolution: "@biomejs/cli-win32-x64@npm:1.9.4"
  conditions: os=win32 & cpu=x64
  languageName: node
  linkType: hard

"@bufbuild/protobuf@npm:2.5.2, @bufbuild/protobuf@npm:^2.5.2":
  version: 2.5.2
  resolution: "@bufbuild/protobuf@npm:2.5.2"
  checksum: 10c0/30f0ede04b5318eda502759044329f44af27e0bebd9853d7d9baf5bcb4f4b17f813eb8904d98718d991bd56d33565ed18f8c9c65067626c3d4e55a4e039fe9b6
  languageName: node
  linkType: hard

"@bufbuild/protoplugin@npm:^2.5.2":
  version: 2.5.2
  resolution: "@bufbuild/protoplugin@npm:2.5.2"
  dependencies:
    "@bufbuild/protobuf": "npm:2.5.2"
    "@typescript/vfs": "npm:^1.5.2"
    typescript: "npm:5.4.5"
  checksum: 10c0/16b3985d99c444354f33a38fe24fbab2772963966b1e26c19a79efe9c46cfa10811063080d12328bc0ac3b8bfdc8eae595e7d78da833f60a80ea069a358bc428
  languageName: node
  linkType: hard

"@grpc/grpc-js@npm:^1.0.0":
  version: 1.13.4
  resolution: "@grpc/grpc-js@npm:1.13.4"
  dependencies:
    "@grpc/proto-loader": "npm:^0.7.13"
    "@js-sdsl/ordered-map": "npm:^4.4.2"
  checksum: 10c0/ecdb99efbe540d8b261ca53e4be224fb4683fb22c6ab1b575d2f4ca34471fc7f221b58f718001a6d157c54237cc482514766233968f5de50e358f061600a885b
  languageName: node
  linkType: hard

"@grpc/proto-loader@npm:^0.7.13":
  version: 0.7.15
  resolution: "@grpc/proto-loader@npm:0.7.15"
  dependencies:
    lodash.camelcase: "npm:^4.3.0"
    long: "npm:^5.0.0"
    protobufjs: "npm:^7.2.5"
    yargs: "npm:^17.7.2"
  bin:
    proto-loader-gen-types: build/bin/proto-loader-gen-types.js
  checksum: 10c0/514a134a724b56d73d0a202b7e02c84479da21e364547bacb2f4995ebc0d52412a1a21653add9f004ebd146c1e6eb4bcb0b8846fdfe1bfa8a98ed8f3d203da4a
  languageName: node
  linkType: hard

"@isaacs/balanced-match@npm:^4.0.1":
  version: 4.0.1
  resolution: "@isaacs/balanced-match@npm:4.0.1"
  checksum: 10c0/7da011805b259ec5c955f01cee903da72ad97c5e6f01ca96197267d3f33103d5b2f8a1af192140f3aa64526c593c8d098ae366c2b11f7f17645d12387c2fd420
  languageName: node
  linkType: hard

"@isaacs/brace-expansion@npm:^5.0.0":
  version: 5.0.0
  resolution: "@isaacs/brace-expansion@npm:5.0.0"
  dependencies:
    "@isaacs/balanced-match": "npm:^4.0.1"
  checksum: 10c0/b4d4812f4be53afc2c5b6c545001ff7a4659af68d4484804e9d514e183d20269bb81def8682c01a22b17c4d6aed14292c8494f7d2ac664e547101c1a905aa977
  languageName: node
  linkType: hard

"@isaacs/cliui@npm:^8.0.2":
  version: 8.0.2
  resolution: "@isaacs/cliui@npm:8.0.2"
  dependencies:
    string-width: "npm:^5.1.2"
    string-width-cjs: "npm:string-width@^4.2.0"
    strip-ansi: "npm:^7.0.1"
    strip-ansi-cjs: "npm:strip-ansi@^6.0.1"
    wrap-ansi: "npm:^8.1.0"
    wrap-ansi-cjs: "npm:wrap-ansi@^7.0.0"
  checksum: 10c0/b1bf42535d49f11dc137f18d5e4e63a28c5569de438a221c369483731e9dac9fb797af554e8bf02b6192d1e5eba6e6402cf93900c3d0ac86391d00d04876789e
  languageName: node
  linkType: hard

"@js-sdsl/ordered-map@npm:^4.4.2":
  version: 4.4.2
  resolution: "@js-sdsl/ordered-map@npm:4.4.2"
  checksum: 10c0/cc7e15dc4acf6d9ef663757279600bab70533d847dcc1ab01332e9e680bd30b77cdf9ad885cc774276f51d98b05a013571c940e5b360985af5eb798dc1a2ee2b
  languageName: node
  linkType: hard

"@protobufjs/aspromise@npm:^1.1.1, @protobufjs/aspromise@npm:^1.1.2":
  version: 1.1.2
  resolution: "@protobufjs/aspromise@npm:1.1.2"
  checksum: 10c0/a83343a468ff5b5ec6bff36fd788a64c839e48a07ff9f4f813564f58caf44d011cd6504ed2147bf34835bd7a7dd2107052af755961c6b098fd8902b4f6500d0f
  languageName: node
  linkType: hard

"@protobufjs/base64@npm:^1.1.2":
  version: 1.1.2
  resolution: "@protobufjs/base64@npm:1.1.2"
  checksum: 10c0/eec925e681081af190b8ee231f9bad3101e189abbc182ff279da6b531e7dbd2a56f1f306f37a80b1be9e00aa2d271690d08dcc5f326f71c9eed8546675c8caf6
  languageName: node
  linkType: hard

"@protobufjs/codegen@npm:^2.0.4":
  version: 2.0.4
  resolution: "@protobufjs/codegen@npm:2.0.4"
  checksum: 10c0/26ae337c5659e41f091606d16465bbcc1df1f37cc1ed462438b1f67be0c1e28dfb2ca9f294f39100c52161aef82edf758c95d6d75650a1ddf31f7ddee1440b43
  languageName: node
  linkType: hard

"@protobufjs/eventemitter@npm:^1.1.0":
  version: 1.1.0
  resolution: "@protobufjs/eventemitter@npm:1.1.0"
  checksum: 10c0/1eb0a75180e5206d1033e4138212a8c7089a3d418c6dfa5a6ce42e593a4ae2e5892c4ef7421f38092badba4040ea6a45f0928869989411001d8c1018ea9a6e70
  languageName: node
  linkType: hard

"@protobufjs/fetch@npm:^1.1.0":
  version: 1.1.0
  resolution: "@protobufjs/fetch@npm:1.1.0"
  dependencies:
    "@protobufjs/aspromise": "npm:^1.1.1"
    "@protobufjs/inquire": "npm:^1.1.0"
  checksum: 10c0/cda6a3dc2d50a182c5865b160f72077aac197046600091dbb005dd0a66db9cce3c5eaed6d470ac8ed49d7bcbeef6ee5f0bc288db5ff9a70cbd003e5909065233
  languageName: node
  linkType: hard

"@protobufjs/float@npm:^1.0.2":
  version: 1.0.2
  resolution: "@protobufjs/float@npm:1.0.2"
  checksum: 10c0/18f2bdede76ffcf0170708af15c9c9db6259b771e6b84c51b06df34a9c339dbbeec267d14ce0bddd20acc142b1d980d983d31434398df7f98eb0c94a0eb79069
  languageName: node
  linkType: hard

"@protobufjs/inquire@npm:^1.1.0":
  version: 1.1.0
  resolution: "@protobufjs/inquire@npm:1.1.0"
  checksum: 10c0/64372482efcba1fb4d166a2664a6395fa978b557803857c9c03500e0ac1013eb4b1aacc9ed851dd5fc22f81583670b4f4431bae186f3373fedcfde863ef5921a
  languageName: node
  linkType: hard

"@protobufjs/path@npm:^1.1.2":
  version: 1.1.2
  resolution: "@protobufjs/path@npm:1.1.2"
  checksum: 10c0/cece0a938e7f5dfd2fa03f8c14f2f1cf8b0d6e13ac7326ff4c96ea311effd5fb7ae0bba754fbf505312af2e38500250c90e68506b97c02360a43793d88a0d8b4
  languageName: node
  linkType: hard

"@protobufjs/pool@npm:^1.1.0":
  version: 1.1.0
  resolution: "@protobufjs/pool@npm:1.1.0"
  checksum: 10c0/eda2718b7f222ac6e6ad36f758a92ef90d26526026a19f4f17f668f45e0306a5bd734def3f48f51f8134ae0978b6262a5c517c08b115a551756d1a3aadfcf038
  languageName: node
  linkType: hard

"@protobufjs/utf8@npm:^1.1.0":
  version: 1.1.0
  resolution: "@protobufjs/utf8@npm:1.1.0"
  checksum: 10c0/a3fe31fe3fa29aa3349e2e04ee13dc170cc6af7c23d92ad49e3eeaf79b9766264544d3da824dba93b7855bd6a2982fb40032ef40693da98a136d835752beb487
  languageName: node
  linkType: hard

"@types/node@npm:>=13.7.0":
  version: 24.0.1
  resolution: "@types/node@npm:24.0.1"
  dependencies:
    undici-types: "npm:~7.8.0"
  checksum: 10c0/91cd50d1ac32a2172cbc67b65c78391fbd469b24743e3665427aa60bebaf4620cb9ac2e91c09a8081a78d08855c00faca659c287c1725ce8ca5e80ece3a20520
  languageName: node
  linkType: hard

"@types/node@npm:^18.0.0":
  version: 18.19.111
  resolution: "@types/node@npm:18.19.111"
  dependencies:
    undici-types: "npm:~5.26.4"
  checksum: 10c0/21e4a5382ce84f4ac62e3fe21b63b699c9e1ff92114d931634959fe0f02f63317987ba05726c731486b2d11a6356e74a4f1fb05a23019448f91401d592fc1ec8
  languageName: node
  linkType: hard

"@typescript/vfs@npm:^1.5.2":
  version: 1.6.1
  resolution: "@typescript/vfs@npm:1.6.1"
  dependencies:
    debug: "npm:^4.1.1"
  peerDependencies:
    typescript: "*"
  checksum: 10c0/3878686aff4bf26813dad9242aa8e01c5c9734f4d37f31035f93e9c8b850f15ec6a4480f04cf3a3a1cbf78a4e796ae1be5d6c54f7f7c91556eafee913a8d0da4
  languageName: node
  linkType: hard

"ansi-regex@npm:^5.0.1":
  version: 5.0.1
  resolution: "ansi-regex@npm:5.0.1"
  checksum: 10c0/9a64bb8627b434ba9327b60c027742e5d17ac69277960d041898596271d992d4d52ba7267a63ca10232e29f6107fc8a835f6ce8d719b88c5f8493f8254813737
  languageName: node
  linkType: hard

"ansi-regex@npm:^6.0.1":
  version: 6.1.0
  resolution: "ansi-regex@npm:6.1.0"
  checksum: 10c0/a91daeddd54746338478eef88af3439a7edf30f8e23196e2d6ed182da9add559c601266dbef01c2efa46a958ad6f1f8b176799657616c702b5b02e799e7fd8dc
  languageName: node
  linkType: hard

"ansi-styles@npm:^4.0.0":
  version: 4.3.0
  resolution: "ansi-styles@npm:4.3.0"
  dependencies:
    color-convert: "npm:^2.0.1"
  checksum: 10c0/895a23929da416f2bd3de7e9cb4eabd340949328ab85ddd6e484a637d8f6820d485f53933446f5291c3b760cbc488beb8e88573dd0f9c7daf83dccc8fe81b041
  languageName: node
  linkType: hard

"ansi-styles@npm:^6.1.0":
  version: 6.2.1
  resolution: "ansi-styles@npm:6.2.1"
  checksum: 10c0/5d1ec38c123984bcedd996eac680d548f31828bd679a66db2bdf11844634dde55fec3efa9c6bb1d89056a5e79c1ac540c4c784d592ea1d25028a92227d2f2d5c
  languageName: node
  linkType: hard

"cliui@npm:^8.0.1":
  version: 8.0.1
  resolution: "cliui@npm:8.0.1"
  dependencies:
    string-width: "npm:^4.2.0"
    strip-ansi: "npm:^6.0.1"
    wrap-ansi: "npm:^7.0.0"
  checksum: 10c0/4bda0f09c340cbb6dfdc1ed508b3ca080f12992c18d68c6be4d9cf51756033d5266e61ec57529e610dacbf4da1c634423b0c1b11037709cc6b09045cbd815df5
  languageName: node
  linkType: hard

"color-convert@npm:^2.0.1":
  version: 2.0.1
  resolution: "color-convert@npm:2.0.1"
  dependencies:
    color-name: "npm:~1.1.4"
  checksum: 10c0/37e1150172f2e311fe1b2df62c6293a342ee7380da7b9cfdba67ea539909afbd74da27033208d01d6d5cfc65ee7868a22e18d7e7648e004425441c0f8a15a7d7
  languageName: node
  linkType: hard

"color-name@npm:~1.1.4":
  version: 1.1.4
  resolution: "color-name@npm:1.1.4"
  checksum: 10c0/a1a3f914156960902f46f7f56bc62effc6c94e84b2cae157a526b1c1f74b677a47ec602bf68a61abfa2b42d15b7c5651c6dbe72a43af720bc588dff885b10f95
  languageName: node
  linkType: hard

"cross-spawn@npm:^7.0.6":
  version: 7.0.6
  resolution: "cross-spawn@npm:7.0.6"
  dependencies:
    path-key: "npm:^3.1.0"
    shebang-command: "npm:^2.0.0"
    which: "npm:^2.0.1"
  checksum: 10c0/053ea8b2135caff68a9e81470e845613e374e7309a47731e81639de3eaeb90c3d01af0e0b44d2ab9d50b43467223b88567dfeb3262db942dc063b9976718ffc1
  languageName: node
  linkType: hard

"debug@npm:^4.1.1":
  version: 4.4.1
  resolution: "debug@npm:4.4.1"
  dependencies:
    ms: "npm:^2.1.3"
  peerDependenciesMeta:
    supports-color:
      optional: true
  checksum: 10c0/d2b44bc1afd912b49bb7ebb0d50a860dc93a4dd7d946e8de94abc957bb63726b7dd5aa48c18c2386c379ec024c46692e15ed3ed97d481729f929201e671fcd55
  languageName: node
  linkType: hard

"eastasianwidth@npm:^0.2.0":
  version: 0.2.0
  resolution: "eastasianwidth@npm:0.2.0"
  checksum: 10c0/26f364ebcdb6395f95124fda411f63137a4bfb5d3a06453f7f23dfe52502905bd84e0488172e0f9ec295fdc45f05c23d5d91baf16bd26f0fe9acd777a188dc39
  languageName: node
  linkType: hard

"emoji-regex@npm:^8.0.0":
  version: 8.0.0
  resolution: "emoji-regex@npm:8.0.0"
  checksum: 10c0/b6053ad39951c4cf338f9092d7bfba448cdfd46fe6a2a034700b149ac9ffbc137e361cbd3c442297f86bed2e5f7576c1b54cc0a6bf8ef5106cc62f496af35010
  languageName: node
  linkType: hard

"emoji-regex@npm:^9.2.2":
  version: 9.2.2
  resolution: "emoji-regex@npm:9.2.2"
  checksum: 10c0/af014e759a72064cf66e6e694a7fc6b0ed3d8db680427b021a89727689671cefe9d04151b2cad51dbaf85d5ba790d061cd167f1cf32eb7b281f6368b3c181639
  languageName: node
  linkType: hard

"escalade@npm:^3.1.1":
  version: 3.2.0
  resolution: "escalade@npm:3.2.0"
  checksum: 10c0/ced4dd3a78e15897ed3be74e635110bbf3b08877b0a41be50dcb325ee0e0b5f65fc2d50e9845194d7c4633f327e2e1c6cce00a71b617c5673df0374201d67f65
  languageName: node
  linkType: hard

"foreground-child@npm:^3.3.1":
  version: 3.3.1
  resolution: "foreground-child@npm:3.3.1"
  dependencies:
    cross-spawn: "npm:^7.0.6"
    signal-exit: "npm:^4.0.1"
  checksum: 10c0/8986e4af2430896e65bc2788d6679067294d6aee9545daefc84923a0a4b399ad9c7a3ea7bd8c0b2b80fdf4a92de4c69df3f628233ff3224260e9c1541a9e9ed3
  languageName: node
  linkType: hard

"get-caller-file@npm:^2.0.5":
  version: 2.0.5
  resolution: "get-caller-file@npm:2.0.5"
  checksum: 10c0/c6c7b60271931fa752aeb92f2b47e355eac1af3a2673f47c9589e8f8a41adc74d45551c1bc57b5e66a80609f10ffb72b6f575e4370d61cc3f7f3aaff01757cde
  languageName: node
  linkType: hard

"glob@npm:^11.0.0":
  version: 11.0.3
  resolution: "glob@npm:11.0.3"
  dependencies:
    foreground-child: "npm:^3.3.1"
    jackspeak: "npm:^4.1.1"
    minimatch: "npm:^10.0.3"
    minipass: "npm:^7.1.2"
    package-json-from-dist: "npm:^1.0.0"
    path-scurry: "npm:^2.0.0"
  bin:
    glob: dist/esm/bin.mjs
  checksum: 10c0/7d24457549ec2903920dfa3d8e76850e7c02aa709122f0164b240c712f5455c0b457e6f2a1eee39344c6148e39895be8094ae8cfef7ccc3296ed30bce250c661
  languageName: node
  linkType: hard

"is-fullwidth-code-point@npm:^3.0.0":
  version: 3.0.0
  resolution: "is-fullwidth-code-point@npm:3.0.0"
  checksum: 10c0/bb11d825e049f38e04c06373a8d72782eee0205bda9d908cc550ccb3c59b99d750ff9537982e01733c1c94a58e35400661f57042158ff5e8f3e90cf936daf0fc
  languageName: node
  linkType: hard

"isexe@npm:^2.0.0":
  version: 2.0.0
  resolution: "isexe@npm:2.0.0"
  checksum: 10c0/228cfa503fadc2c31596ab06ed6aa82c9976eec2bfd83397e7eaf06d0ccf42cd1dfd6743bf9aeb01aebd4156d009994c5f76ea898d2832c1fe342da923ca457d
  languageName: node
  linkType: hard

"jackspeak@npm:^4.1.1":
  version: 4.1.1
  resolution: "jackspeak@npm:4.1.1"
  dependencies:
    "@isaacs/cliui": "npm:^8.0.2"
  checksum: 10c0/84ec4f8e21d6514db24737d9caf65361511f75e5e424980eebca4199f400874f45e562ac20fa8aeb1dd20ca2f3f81f0788b6e9c3e64d216a5794fd6f30e0e042
  languageName: node
  linkType: hard

"lodash.camelcase@npm:^4.3.0":
  version: 4.3.0
  resolution: "lodash.camelcase@npm:4.3.0"
  checksum: 10c0/fcba15d21a458076dd309fce6b1b4bf611d84a0ec252cb92447c948c533ac250b95d2e00955801ebc367e5af5ed288b996d75d37d2035260a937008e14eaf432
  languageName: node
  linkType: hard

"long@npm:^5.0.0":
  version: 5.3.2
  resolution: "long@npm:5.3.2"
  checksum: 10c0/7130fe1cbce2dca06734b35b70d380ca3f70271c7f8852c922a7c62c86c4e35f0c39290565eca7133c625908d40e126ac57c02b1b1a4636b9457d77e1e60b981
  languageName: node
  linkType: hard

"lru-cache@npm:^11.0.0":
  version: 11.1.0
  resolution: "lru-cache@npm:11.1.0"
  checksum: 10c0/85c312f7113f65fae6a62de7985348649937eb34fb3d212811acbf6704dc322a421788aca253b62838f1f07049a84cc513d88f494e373d3756514ad263670a64
  languageName: node
  linkType: hard

"minimatch@npm:^10.0.3":
  version: 10.0.3
  resolution: "minimatch@npm:10.0.3"
  dependencies:
    "@isaacs/brace-expansion": "npm:^5.0.0"
  checksum: 10c0/e43e4a905c5d70ac4cec8530ceaeccb9c544b1ba8ac45238e2a78121a01c17ff0c373346472d221872563204eabe929ad02669bb575cb1f0cc30facab369f70f
  languageName: node
  linkType: hard

"minipass@npm:^7.1.2":
  version: 7.1.2
  resolution: "minipass@npm:7.1.2"
  checksum: 10c0/b0fd20bb9fb56e5fa9a8bfac539e8915ae07430a619e4b86ff71f5fc757ef3924b23b2c4230393af1eda647ed3d75739e4e0acb250a6b1eb277cf7f8fe449557
  languageName: node
  linkType: hard

"ms@npm:^2.1.3":
  version: 2.1.3
  resolution: "ms@npm:2.1.3"
  checksum: 10c0/d924b57e7312b3b63ad21fc5b3dc0af5e78d61a1fc7cfb5457edaf26326bf62be5307cc87ffb6862ef1c2b33b0233cdb5d4f01c4c958cc0d660948b65a287a48
  languageName: node
  linkType: hard

"nestjs-protobuf-es@workspace:.":
  version: 0.0.0-use.local
  resolution: "nestjs-protobuf-es@workspace:."
  dependencies:
    "@biomejs/biome": "npm:1.9.4"
    "@bufbuild/protobuf": "npm:^2.5.2"
    "@bufbuild/protoplugin": "npm:^2.5.2"
    "@grpc/grpc-js": "npm:^1.0.0"
    "@types/node": "npm:^18.0.0"
    rimraf: "npm:^6.0.1"
    typescript: "npm:^5.8.3"
  peerDependencies:
    "@bufbuild/protobuf": ^2.5.2
    "@grpc/grpc-js": ^1.0.0
  peerDependenciesMeta:
    "@bufbuild/protobuf":
      optional: true
  bin:
    protoc-gen-nestjs: bin/protoc-gen-nestjs
  languageName: unknown
  linkType: soft

"package-json-from-dist@npm:^1.0.0":
  version: 1.0.1
  resolution: "package-json-from-dist@npm:1.0.1"
  checksum: 10c0/62ba2785eb655fec084a257af34dbe24292ab74516d6aecef97ef72d4897310bc6898f6c85b5cd22770eaa1ce60d55a0230e150fb6a966e3ecd6c511e23d164b
  languageName: node
  linkType: hard

"path-key@npm:^3.1.0":
  version: 3.1.1
  resolution: "path-key@npm:3.1.1"
  checksum: 10c0/748c43efd5a569c039d7a00a03b58eecd1d75f3999f5a28303d75f521288df4823bc057d8784eb72358b2895a05f29a070bc9f1f17d28226cc4e62494cc58c4c
  languageName: node
  linkType: hard

"path-scurry@npm:^2.0.0":
  version: 2.0.0
  resolution: "path-scurry@npm:2.0.0"
  dependencies:
    lru-cache: "npm:^11.0.0"
    minipass: "npm:^7.1.2"
  checksum: 10c0/3da4adedaa8e7ef8d6dc4f35a0ff8f05a9b4d8365f2b28047752b62d4c1ad73eec21e37b1579ef2d075920157856a3b52ae8309c480a6f1a8bbe06ff8e52b33c
  languageName: node
  linkType: hard

"protobufjs@npm:^7.2.5":
  version: 7.5.3
  resolution: "protobufjs@npm:7.5.3"
  dependencies:
    "@protobufjs/aspromise": "npm:^1.1.2"
    "@protobufjs/base64": "npm:^1.1.2"
    "@protobufjs/codegen": "npm:^2.0.4"
    "@protobufjs/eventemitter": "npm:^1.1.0"
    "@protobufjs/fetch": "npm:^1.1.0"
    "@protobufjs/float": "npm:^1.0.2"
    "@protobufjs/inquire": "npm:^1.1.0"
    "@protobufjs/path": "npm:^1.1.2"
    "@protobufjs/pool": "npm:^1.1.0"
    "@protobufjs/utf8": "npm:^1.1.0"
    "@types/node": "npm:>=13.7.0"
    long: "npm:^5.0.0"
  checksum: 10c0/9dc131a7e7a610b8291a0b0033b313f8754ef419b57c44d27874dd4edf1afc2a9a77d7a5bc2df9a744cba014de67c92756759c73200b702a11f13360e907b0dd
  languageName: node
  linkType: hard

"require-directory@npm:^2.1.1":
  version: 2.1.1
  resolution: "require-directory@npm:2.1.1"
  checksum: 10c0/83aa76a7bc1531f68d92c75a2ca2f54f1b01463cb566cf3fbc787d0de8be30c9dbc211d1d46be3497dac5785fe296f2dd11d531945ac29730643357978966e99
  languageName: node
  linkType: hard

"rimraf@npm:^6.0.1":
  version: 6.0.1
  resolution: "rimraf@npm:6.0.1"
  dependencies:
    glob: "npm:^11.0.0"
    package-json-from-dist: "npm:^1.0.0"
  bin:
    rimraf: dist/esm/bin.mjs
  checksum: 10c0/b30b6b072771f0d1e73b4ca5f37bb2944ee09375be9db5f558fcd3310000d29dfcfa93cf7734d75295ad5a7486dc8e40f63089ced1722a664539ffc0c3ece8c6
  languageName: node
  linkType: hard

"shebang-command@npm:^2.0.0":
  version: 2.0.0
  resolution: "shebang-command@npm:2.0.0"
  dependencies:
    shebang-regex: "npm:^3.0.0"
  checksum: 10c0/a41692e7d89a553ef21d324a5cceb5f686d1f3c040759c50aab69688634688c5c327f26f3ecf7001ebfd78c01f3c7c0a11a7c8bfd0a8bc9f6240d4f40b224e4e
  languageName: node
  linkType: hard

"shebang-regex@npm:^3.0.0":
  version: 3.0.0
  resolution: "shebang-regex@npm:3.0.0"
  checksum: 10c0/1dbed0726dd0e1152a92696c76c7f06084eb32a90f0528d11acd764043aacf76994b2fb30aa1291a21bd019d6699164d048286309a278855ee7bec06cf6fb690
  languageName: node
  linkType: hard

"signal-exit@npm:^4.0.1":
  version: 4.1.0
  resolution: "signal-exit@npm:4.1.0"
  checksum: 10c0/41602dce540e46d599edba9d9860193398d135f7ff72cab629db5171516cfae628d21e7bfccde1bbfdf11c48726bc2a6d1a8fb8701125852fbfda7cf19c6aa83
  languageName: node
  linkType: hard

"string-width-cjs@npm:string-width@^4.2.0, string-width@npm:^4.1.0, string-width@npm:^4.2.0, string-width@npm:^4.2.3":
  version: 4.2.3
  resolution: "string-width@npm:4.2.3"
  dependencies:
    emoji-regex: "npm:^8.0.0"
    is-fullwidth-code-point: "npm:^3.0.0"
    strip-ansi: "npm:^6.0.1"
  checksum: 10c0/1e525e92e5eae0afd7454086eed9c818ee84374bb80328fc41217ae72ff5f065ef1c9d7f72da41de40c75fa8bb3dee63d92373fd492c84260a552c636392a47b
  languageName: node
  linkType: hard

"string-width@npm:^5.0.1, string-width@npm:^5.1.2":
  version: 5.1.2
  resolution: "string-width@npm:5.1.2"
  dependencies:
    eastasianwidth: "npm:^0.2.0"
    emoji-regex: "npm:^9.2.2"
    strip-ansi: "npm:^7.0.1"
  checksum: 10c0/ab9c4264443d35b8b923cbdd513a089a60de339216d3b0ed3be3ba57d6880e1a192b70ae17225f764d7adbf5994e9bb8df253a944736c15a0240eff553c678ca
  languageName: node
  linkType: hard

"strip-ansi-cjs@npm:strip-ansi@^6.0.1, strip-ansi@npm:^6.0.0, strip-ansi@npm:^6.0.1":
  version: 6.0.1
  resolution: "strip-ansi@npm:6.0.1"
  dependencies:
    ansi-regex: "npm:^5.0.1"
  checksum: 10c0/1ae5f212a126fe5b167707f716942490e3933085a5ff6c008ab97ab2f272c8025d3aa218b7bd6ab25729ca20cc81cddb252102f8751e13482a5199e873680952
  languageName: node
  linkType: hard

"strip-ansi@npm:^7.0.1":
  version: 7.1.0
  resolution: "strip-ansi@npm:7.1.0"
  dependencies:
    ansi-regex: "npm:^6.0.1"
  checksum: 10c0/a198c3762e8832505328cbf9e8c8381de14a4fa50a4f9b2160138158ea88c0f5549fb50cb13c651c3088f47e63a108b34622ec18c0499b6c8c3a5ddf6b305ac4
  languageName: node
  linkType: hard

"typescript@npm:5.4.5":
  version: 5.4.5
  resolution: "typescript@npm:5.4.5"
  bin:
    tsc: bin/tsc
    tsserver: bin/tsserver
  checksum: 10c0/2954022ada340fd3d6a9e2b8e534f65d57c92d5f3989a263754a78aba549f7e6529acc1921913560a4b816c46dce7df4a4d29f9f11a3dc0d4213bb76d043251e
  languageName: node
  linkType: hard

"typescript@npm:^5.8.3":
  version: 5.8.3
  resolution: "typescript@npm:5.8.3"
  bin:
    tsc: bin/tsc
    tsserver: bin/tsserver
  checksum: 10c0/5f8bb01196e542e64d44db3d16ee0e4063ce4f3e3966df6005f2588e86d91c03e1fb131c2581baf0fb65ee79669eea6e161cd448178986587e9f6844446dbb48
  languageName: node
  linkType: hard

"typescript@patch:typescript@npm%3A5.4.5#optional!builtin<compat/typescript>":
  version: 5.4.5
  resolution: "typescript@patch:typescript@npm%3A5.4.5#optional!builtin<compat/typescript>::version=5.4.5&hash=5adc0c"
  bin:
    tsc: bin/tsc
    tsserver: bin/tsserver
  checksum: 10c0/db2ad2a16ca829f50427eeb1da155e7a45e598eec7b086d8b4e8ba44e5a235f758e606d681c66992230d3fc3b8995865e5fd0b22a2c95486d0b3200f83072ec9
  languageName: node
  linkType: hard

"typescript@patch:typescript@npm%3A^5.8.3#optional!builtin<compat/typescript>":
  version: 5.8.3
  resolution: "typescript@patch:typescript@npm%3A5.8.3#optional!builtin<compat/typescript>::version=5.8.3&hash=5786d5"
  bin:
    tsc: bin/tsc
    tsserver: bin/tsserver
  checksum: 10c0/39117e346ff8ebd87ae1510b3a77d5d92dae5a89bde588c747d25da5c146603a99c8ee588c7ef80faaf123d89ed46f6dbd918d534d641083177d5fac38b8a1cb
  languageName: node
  linkType: hard

"undici-types@npm:~5.26.4":
  version: 5.26.5
  resolution: "undici-types@npm:5.26.5"
  checksum: 10c0/bb673d7876c2d411b6eb6c560e0c571eef4a01c1c19925175d16e3a30c4c428181fb8d7ae802a261f283e4166a0ac435e2f505743aa9e45d893f9a3df017b501
  languageName: node
  linkType: hard

"undici-types@npm:~7.8.0":
  version: 7.8.0
  resolution: "undici-types@npm:7.8.0"
  checksum: 10c0/9d9d246d1dc32f318d46116efe3cfca5a72d4f16828febc1918d94e58f6ffcf39c158aa28bf5b4fc52f410446bc7858f35151367bd7a49f21746cab6497b709b
  languageName: node
  linkType: hard

"which@npm:^2.0.1":
  version: 2.0.2
  resolution: "which@npm:2.0.2"
  dependencies:
    isexe: "npm:^2.0.0"
  bin:
    node-which: ./bin/node-which
  checksum: 10c0/66522872a768b60c2a65a57e8ad184e5372f5b6a9ca6d5f033d4b0dc98aff63995655a7503b9c0a2598936f532120e81dd8cc155e2e92ed662a2b9377cc4374f
  languageName: node
  linkType: hard

"wrap-ansi-cjs@npm:wrap-ansi@^7.0.0, wrap-ansi@npm:^7.0.0":
  version: 7.0.0
  resolution: "wrap-ansi@npm:7.0.0"
  dependencies:
    ansi-styles: "npm:^4.0.0"
    string-width: "npm:^4.1.0"
    strip-ansi: "npm:^6.0.0"
  checksum: 10c0/d15fc12c11e4cbc4044a552129ebc75ee3f57aa9c1958373a4db0292d72282f54373b536103987a4a7594db1ef6a4f10acf92978f79b98c49306a4b58c77d4da
  languageName: node
  linkType: hard

"wrap-ansi@npm:^8.1.0":
  version: 8.1.0
  resolution: "wrap-ansi@npm:8.1.0"
  dependencies:
    ansi-styles: "npm:^6.1.0"
    string-width: "npm:^5.0.1"
    strip-ansi: "npm:^7.0.1"
  checksum: 10c0/138ff58a41d2f877eae87e3282c0630fc2789012fc1af4d6bd626eeb9a2f9a65ca92005e6e69a75c7b85a68479fe7443c7dbe1eb8fbaa681a4491364b7c55c60
  languageName: node
  linkType: hard

"y18n@npm:^5.0.5":
  version: 5.0.8
  resolution: "y18n@npm:5.0.8"
  checksum: 10c0/4df2842c36e468590c3691c894bc9cdbac41f520566e76e24f59401ba7d8b4811eb1e34524d57e54bc6d864bcb66baab7ffd9ca42bf1eda596618f9162b91249
  languageName: node
  linkType: hard

"yargs-parser@npm:^21.1.1":
  version: 21.1.1
  resolution: "yargs-parser@npm:21.1.1"
  checksum: 10c0/f84b5e48169479d2f402239c59f084cfd1c3acc197a05c59b98bab067452e6b3ea46d4dd8ba2985ba7b3d32a343d77df0debd6b343e5dae3da2aab2cdf5886b2
  languageName: node
  linkType: hard

"yargs@npm:^17.7.2":
  version: 17.7.2
  resolution: "yargs@npm:17.7.2"
  dependencies:
    cliui: "npm:^8.0.1"
    escalade: "npm:^3.1.1"
    get-caller-file: "npm:^2.0.5"
    require-directory: "npm:^2.1.1"
    string-width: "npm:^4.2.3"
    y18n: "npm:^5.0.5"
    yargs-parser: "npm:^21.1.1"
  checksum: 10c0/ccd7e723e61ad5965fffbb791366db689572b80cca80e0f96aad968dfff4156cd7cd1ad18607afe1046d8241e6fb2d6c08bf7fa7bfb5eaec818735d8feac8f05
  languageName: node
  linkType: hard
